
Microsoft Visual Studio Solution File, Format Version 12.00
# Visual Studio Version 17
VisualStudioVersion = 17.5.33516.290
MinimumVisualStudioVersion = 10.0.40219.1
Project("{FAE04EC0-301F-11D3-BF4B-00C04F79EFBC}") = "DesafioApi", "DesafioApi\DesafioApi.csproj", "{685F1795-52DD-4608-99B7-B90528DC7C8D}"
EndProject
Global
	GlobalSection(SolutionConfigurationPlatforms) = preSolution
		Debug|Any CPU = Debug|Any CPU
		Release|Any CPU = Release|Any CPU
	EndGlobalSection
	GlobalSection(ProjectConfigurationPlatforms) = postSolution
		{685F1795-52DD-4608-99B7-B90528DC7C8D}.Debug|Any CPU.ActiveCfg = Debug|Any CPU
		{685F1795-52DD-4608-99B7-B90528DC7C8D}.Debug|Any CPU.Build.0 = Debug|Any CPU
		{685F1795-52DD-4608-99B7-B90528DC7C8D}.Release|Any CPU.ActiveCfg = Release|Any CPU
		{685F1795-52DD-4608-99B7-B90528DC7C8D}.Release|Any CPU.Build.0 = Release|Any CPU
	EndGlobalSection
	GlobalSection(SolutionProperties) = preSolution
		HideSolutionNode = FALSE
	EndGlobalSection
	GlobalSection(ExtensibilityGlobals) = postSolution
		SolutionGuid = {27FCD7A7-155C-493A-85A3-739D3700F93D}
	EndGlobalSection
EndGlobal
